
Microsoft Visual Studio Solution File, Format Version 12.00
# Visual Studio 15
VisualStudioVersion = 15.0.26730.12
MinimumVisualStudioVersion = 10.0.40219.1
Project("{8BC9CEB8-8B4A-11D0-8D11-00A0C91BC942}") = "My0812", "My0812\My0812.vcxproj", "{8431E6D4-17FF-4217-BE58-C82D9E66D165}"
EndProject
Global
	GlobalSection(SolutionConfigurationPlatforms) = preSolution
		Debug|x64 = Debug|x64
		Debug|x86 = Debug|x86
		Release|x64 = Release|x64
		Release|x86 = Release|x86
	EndGlobalSection
	GlobalSection(ProjectConfigurationPlatforms) = postSolution
		{8431E6D4-17FF-4217-BE58-C82D9E66D165}.Debug|x64.ActiveCfg = Debug|x64
		{8431E6D4-17FF-4217-BE58-C82D9E66D165}.Debug|x64.Build.0 = Debug|x64
		{8431E6D4-17FF-4217-BE58-C82D9E66D165}.Debug|x86.ActiveCfg = Debug|Win32
		{8431E6D4-17FF-4217-BE58-C82D9E66D165}.Debug|x86.Build.0 = Debug|Win32
		{8431E6D4-17FF-4217-BE58-C82D9E66D165}.Release|x64.ActiveCfg = Release|x64
		{8431E6D4-17FF-4217-BE58-C82D9E66D165}.Release|x64.Build.0 = Release|x64
		{8431E6D4-17FF-4217-BE58-C82D9E66D165}.Release|x86.ActiveCfg = Release|Win32
		{8431E6D4-17FF-4217-BE58-C82D9E66D165}.Release|x86.Build.0 = Release|Win32
	EndGlobalSection
	GlobalSection(SolutionProperties) = preSolution
		HideSolutionNode = FALSE
	EndGlobalSection
	GlobalSection(ExtensibilityGlobals) = postSolution
		SolutionGuid = {6E003484-B5A0-4E18-8C16-33FF1E0D67DE}
	EndGlobalSection
EndGlobal
